
Microsoft Visual Studio Solution File, Format Version 12.00
# Visual Studio Version 16
VisualStudioVersion = 16.0.30413.136
MinimumVisualStudioVersion = 10.0.40219.1
Project("{FAE04EC0-301F-11D3-BF4B-00C04F79EFBC}") = "CarInformation", "CarInformation.csproj", "{B84A0742-D219-43F8-B107-4A98FB9B30A3}"
EndProject
Global
	GlobalSection(SolutionConfigurationPlatforms) = preSolution
		Debug|Any CPU = Debug|Any CPU
		Release|Any CPU = Release|Any CPU
	EndGlobalSection
	GlobalSection(ProjectConfigurationPlatforms) = postSolution
		{B84A0742-D219-43F8-B107-4A98FB9B30A3}.Debug|Any CPU.ActiveCfg = Debug|Any CPU
		{B84A0742-D219-43F8-B107-4A98FB9B30A3}.Debug|Any CPU.Build.0 = Debug|Any CPU
		{B84A0742-D219-43F8-B107-4A98FB9B30A3}.Release|Any CPU.ActiveCfg = Release|Any CPU
		{B84A0742-D219-43F8-B107-4A98FB9B30A3}.Release|Any CPU.Build.0 = Release|Any CPU
	EndGlobalSection
	GlobalSection(SolutionProperties) = preSolution
		HideSolutionNode = FALSE
	EndGlobalSection
	GlobalSection(ExtensibilityGlobals) = postSolution
		SolutionGuid = {B4517481-0382-42E1-ADD1-22E70F0B2096}
	EndGlobalSection
EndGlobal
